// !$*UTF8*$!
{
	archiveVersion = 1;
	classes = {
	};
	objectVersion = 46;
	objects = {

/* Begin PBXBuildFile section */
		519F5C1F1DC302C50081AC0E /* AppDelegate.swift in Sources */ = {isa = PBXBuildFile; fileRef = 519F5C1E1DC302C50081AC0E /* AppDelegate.swift */; };
		519F5C211DC302C50081AC0E /* ViewController.swift in Sources */ = {isa = PBXBuildFile; fileRef = 519F5C201DC302C50081AC0E /* ViewController.swift */; };
		519F5C241DC302C50081AC0E /* Main.storyboard in Resources */ = {isa = PBXBuildFile; fileRef = 519F5C221DC302C50081AC0E /* Main.storyboard */; };
		519F5C261DC302C50081AC0E /* Assets.xcassets in Resources */ = {isa = PBXBuildFile; fileRef = 519F5C251DC302C50081AC0E /* Assets.xcassets */; };
		519F5C291DC302C50081AC0E /* LaunchScreen.storyboard in Resources */ = {isa = PBXBuildFile; fileRef = 519F5C271DC302C50081AC0E /* LaunchScreen.storyboard */; };
		519F5C341DC302C60081AC0E /* SourceControlDemoTests.swift in Sources */ = {isa = PBXBuildFile; fileRef = 519F5C331DC302C60081AC0E /* SourceControlDemoTests.swift */; };
		519F5C3F1DC3047D0081AC0E /* Testing.swift in Sources */ = {isa = PBXBuildFile; fileRef = 519F5C3E1DC3047D0081AC0E /* Testing.swift */; };
/* End PBXBuildFile section */

/* Begin PBXContainerItemProxy section */
		519F5C301DC302C60081AC0E /* PBXContainerItemProxy */ = {
			isa = PBXContainerItemProxy;
			containerPortal = 519F5C131DC302C50081AC0E /* Project object */;
			proxyType = 1;
			remoteGlobalIDString = 519F5C1A1DC302C50081AC0E;
			remoteInfo = SourceControlDemo;
		};
/* End PBXContainerItemProxy section */

/* Begin PBXFileReference section */
		519F5C1B1DC302C50081AC0E /* SourceControlDemo.app */ = {isa = PBXFileReference; explicitFileType = wrapper.application; includeInIndex = 0; path = SourceControlDemo.app; sourceTree = BUILT_PRODUCTS_DIR; };
		519F5C1E1DC302C50081AC0E /* AppDelegate.swift */ = {isa = PBXFileReference; lastKnownFileType = sourcecode.swift; path = AppDelegate.swift; sourceTree = "<group>"; };
		519F5C201DC302C50081AC0E /* ViewController.swift */ = {isa = PBXFileReference; lastKnownFileType = sourcecode.swift; path = ViewController.swift; sourceTree = "<group>"; };
		519F5C231DC302C50081AC0E /* Base */ = {isa = PBXFileReference; lastKnownFileType = file.storyboard; name = Base; path = Base.lproj/Main.storyboard; sourceTree = "<group>"; };
		519F5C251DC302C50081AC0E /* Assets.xcassets */ = {isa = PBXFileReference; lastKnownFileType = folder.assetcatalog; path = Assets.xcassets; sourceTree = "<group>"; };
		519F5C281DC302C50081AC0E /* Base */ = {isa = PBXFileReference; lastKnownFileType = file.storyboard; name = Base; path = Base.lproj/LaunchScreen.storyboard; sourceTree = "<group>"; };
		519F5C2A1DC302C50081AC0E /* Info.plist */ = {isa = PBXFileReference; lastKnownFileType = text.plist.xml; path = Info.plist; sourceTree = "<group>"; };
		519F5C2F1DC302C60081AC0E /* SourceControlDemoTests.xctest */ = {isa = PBXFileReference; explicitFileType = wrapper.cfbundle; includeInIndex = 0; path = SourceControlDemoTests.xctest; sourceTree = BUILT_PRODUCTS_DIR; };
		519F5C331DC302C60081AC0E /* SourceControlDemoTests.swift */ = {isa = PBXFileReference; lastKnownFileType = sourcecode.swift; path = SourceControlDemoTests.swift; sourceTree = "<group>"; };
		519F5C351DC302C60081AC0E /* Info.plist */ = {isa = PBXFileReference; lastKnownFileType = text.plist.xml; path = Info.plist; sourceTree = "<group>"; };
		519F5C3E1DC3047D0081AC0E /* Testing.swift */ = {isa = PBXFileReference; fileEncoding = 4; lastKnownFileType = sourcecode.swift; path = Testing.swift; sourceTree = "<group>"; };
/* End PBXFileReference section */

/* Begin PBXFrameworksBuildPhase section */
		519F5C181DC302C50081AC0E /* Frameworks */ = {
			isa = PBXFrameworksBuildPhase;
			buildActionMask = 2147483647;
			files = (
			);
			runOnlyForDeploymentPostprocessing = 0;
		};
		519F5C2C1DC302C60081AC0E /* Frameworks */ = {
			isa = PBXFrameworksBuildPhase;
			buildActionMask = 2147483647;
			files = (
			);
			runOnlyForDeploymentPostprocessing = 0;
		};
/* End PBXFrameworksBuildPhase section */

/* Begin PBXGroup section */
		519F5C121DC302C50081AC0E = {
			isa = PBXGroup;
			children = (
				519F5C1D1DC302C50081AC0E /* SourceControlDemo */,
				519F5C321DC302C60081AC0E /* SourceControlDemoTests */,
				519F5C1C1DC302C50081AC0E /* Products */,
			);
			sourceTree = "<group>";
		};
		519F5C1C1DC302C50081AC0E /* Products */ = {
			isa = PBXGroup;
			children = (
				519F5C1B1DC302C50081AC0E /* SourceControlDemo.app */,
				519F5C2F1DC302C60081AC0E /* SourceControlDemoTests.xctest */,
			);
			name = Products;
			sourceTree = "<group>";
		};
		519F5C1D1DC302C50081AC0E /* SourceControlDemo */ = {
			isa = PBXGroup;
			children = (
				519F5C1E1DC302C50081AC0E /* AppDelegate.swift */,
				519F5C201DC302C50081AC0E /* ViewController.swift */,
				519F5C221DC302C50081AC0E /* Main.storyboard */,
				519F5C251DC302C50081AC0E /* Assets.xcassets */,
				519F5C271DC302C50081AC0E /* LaunchScreen.storyboard */,
				519F5C2A1DC302C50081AC0E /* Info.plist */,
				519F5C3E1DC3047D0081AC0E /* Testing.swift */,
			);
			path = SourceControlDemo;
			sourceTree = "<group>";
		};
		519F5C321DC302C60081AC0E /* SourceControlDemoTests */ = {
			isa = PBXGroup;
			children = (
				519F5C331DC302C60081AC0E /* SourceControlDemoTests.swift */,
				519F5C351DC302C60081AC0E /* Info.plist */,
			);
			path = SourceControlDemoTests;
			sourceTree = "<group>";
		};
/* End PBXGroup section */

/* Begin PBXNativeTarget section */
		519F5C1A1DC302C50081AC0E /* SourceControlDemo */ = {
			isa = PBXNativeTarget;
			buildConfigurationList = 519F5C381DC302C60081AC0E /* Build configuration list for PBXNativeTarget "SourceControlDemo" */;
			buildPhases = (
				519F5C171DC302C50081AC0E /* Sources */,
				519F5C181DC302C50081AC0E /* Frameworks */,
				519F5C191DC302C50081AC0E /* Resources */,
			);
			buildRules = (
			);
			dependencies = (
			);
			name = SourceControlDemo;
			productName = SourceControlDemo;
			productReference = 519F5C1B1DC302C50081AC0E /* SourceControlDemo.app */;
			productType = "com.apple.product-type.application";
		};
		519F5C2E1DC302C60081AC0E /* SourceControlDemoTests */ = {
			isa = PBXNativeTarget;
			buildConfigurationList = 519F5C3B1DC302C60081AC0E /* Build configuration list for PBXNativeTarget "SourceControlDemoTests" */;
			buildPhases = (
				519F5C2B1DC302C60081AC0E /* Sources */,
				519F5C2C1DC302C60081AC0E /* Frameworks */,
				519F5C2D1DC302C60081AC0E /* Resources */,
			);
			buildRules = (
			);
			dependencies = (
				519F5C311DC302C60081AC0E /* PBXTargetDependency */,
			);
			name = SourceControlDemoTests;
			productName = SourceControlDemoTests;
			productReference = 519F5C2F1DC302C60081AC0E /* SourceControlDemoTests.xctest */;
			productType = "com.apple.product-type.bundle.unit-test";
		};
/* End PBXNativeTarget section */

/* Begin PBXProject section */
		519F5C131DC302C50081AC0E /* Project object */ = {
			isa = PBXProject;
			attributes = {
				LastSwiftUpdateCheck = 0800;
				LastUpgradeCheck = 0800;
				ORGANIZATIONNAME = OatAdmin;
				TargetAttributes = {
					519F5C1A1DC302C50081AC0E = {
						CreatedOnToolsVersion = 8.0;
						ProvisioningStyle = Automatic;
					};
					519F5C2E1DC302C60081AC0E = {
						CreatedOnToolsVersion = 8.0;
						ProvisioningStyle = Automatic;
						TestTargetID = 519F5C1A1DC302C50081AC0E;
					};
				};
			};
			buildConfigurationList = 519F5C161DC302C50081AC0E /* Build configuration list for PBXProject "SourceControlDemo" */;
			compatibilityVersion = "Xcode 3.2";
			developmentRegion = English;
			hasScannedForEncodings = 0;
			knownRegions = (
				en,
				Base,
			);
			mainGroup = 519F5C121DC302C50081AC0E;
			productRefGroup = 519F5C1C1DC302C50081AC0E /* Products */;
			projectDirPath = "";
			projectRoot = "";
			targets = (
				519F5C1A1DC302C50081AC0E /* SourceControlDemo */,
				519F5C2E1DC302C60081AC0E /* SourceControlDemoTests */,
			);
		};
/* End PBXProject section */

/* Begin PBXResourcesBuildPhase section */
		519F5C191DC302C50081AC0E /* Resources */ = {
			isa = PBXResourcesBuildPhase;
			buildActionMask = 2147483647;
			files = (
				519F5C291DC302C50081AC0E /* LaunchScreen.storyboard in Resources */,
				519F5C261DC302C50081AC0E /* Assets.xcassets in Resources */,
				519F5C241DC302C50081AC0E /* Main.storyboard in Resources */,
			);
			runOnlyForDeploymentPostprocessing = 0;
		};
		519F5C2D1DC302C60081AC0E /* Resources */ = {
			isa = PBXResourcesBuildPhase;
			buildActionMask = 2147483647;
			files = (
			);
			runOnlyForDeploymentPostprocessing = 0;
		};
/* End PBXResourcesBuildPhase section */

/* Begin PBXSourcesBuildPhase section */
		519F5C171DC302C50081AC0E /* Sources */ = {
			isa = PBXSourcesBuildPhase;
			buildActionMask = 2147483647;
			files = (
				519F5C3F1DC3047D0081AC0E /* Testing.swift in Sources */,
				519F5C211DC302C50081AC0E /* ViewController.swift in Sources */,
				519F5C1F1DC302C50081AC0E /* AppDelegate.swift in Sources */,
			);
			runOnlyForDeploymentPostprocessing = 0;
		};
		519F5C2B1DC302C60081AC0E /* Sources */ = {
			isa = PBXSourcesBuildPhase;
			buildActionMask = 2147483647;
			files = (
				519F5C341DC302C60081AC0E /* SourceControlDemoTests.swift in Sources */,
			);
			runOnlyForDeploymentPostprocessing = 0;
		};
/* End PBXSourcesBuildPhase section */

/* Begin PBXTargetDependency section */
		519F5C311DC302C60081AC0E /* PBXTargetDependency */ = {
			isa = PBXTargetDependency;
			target = 519F5C1A1DC302C50081AC0E /* SourceControlDemo */;
			targetProxy = 519F5C301DC302C60081AC0E /* PBXContainerItemProxy */;
		};
/* End PBXTargetDependency section */

/* Begin PBXVariantGroup section */
		519F5C221DC302C50081AC0E /* Main.storyboard */ = {
			isa = PBXVariantGroup;
			children = (
				519F5C231DC302C50081AC0E /* Base */,
			);
			name = Main.storyboard;
			sourceTree = "<group>";
		};
		519F5C271DC302C50081AC0E /* LaunchScreen.storyboard */ = {
			isa = PBXVariantGroup;
			children = (
				519F5C281DC302C50081AC0E /* Base */,
			);
			name = LaunchScreen.storyboard;
			sourceTree = "<group>";
		};
/* End PBXVariantGroup section */

/* Begin XCBuildConfiguration section */
		519F5C361DC302C60081AC0E /* Debug */ = {
			isa = XCBuildConfiguration;
			buildSettings = {
				ALWAYS_SEARCH_USER_PATHS = NO;
				CLANG_ANALYZER_NONNULL = YES;
				CLANG_CXX_LANGUAGE_STANDARD = "gnu++0x";
				CLANG_CXX_LIBRARY = "libc++";
				CLANG_ENABLE_MODULES = YES;
				CLANG_ENABLE_OBJC_ARC = YES;
				CLANG_WARN_BOOL_CONVERSION = YES;
				CLANG_WARN_CONSTANT_CONVERSION = YES;
				CLANG_WARN_DIRECT_OBJC_ISA_USAGE = YES_ERROR;
				CLANG_WARN_DOCUMENTATION_COMMENTS = YES;
				CLANG_WARN_EMPTY_BODY = YES;
				CLANG_WARN_ENUM_CONVERSION = YES;
				CLANG_WARN_INFINITE_RECURSION = YES;
				CLANG_WARN_INT_CONVERSION = YES;
				CLANG_WARN_OBJC_ROOT_CLASS = YES_ERROR;
				CLANG_WARN_SUSPICIOUS_MOVES = YES;
				CLANG_WARN_UNREACHABLE_CODE = YES;
				CLANG_WARN__DUPLICATE_METHOD_MATCH = YES;
				"CODE_SIGN_IDENTITY[sdk=iphoneos*]" = "iPhone Developer";
				COPY_PHASE_STRIP = NO;
				DEBUG_INFORMATION_FORMAT = dwarf;
				ENABLE_STRICT_OBJC_MSGSEND = YES;
				ENABLE_TESTABILITY = YES;
				GCC_C_LANGUAGE_STANDARD = gnu99;
				GCC_DYNAMIC_NO_PIC = NO;
				GCC_NO_COMMON_BLOCKS = YES;
				GCC_OPTIMIZATION_LEVEL = 0;
				GCC_PREPROCESSOR_DEFINITIONS = (
					"DEBUG=1",
					"$(inherited)",
				);
				GCC_WARN_64_TO_32_BIT_CONVERSION = YES;
				GCC_WARN_ABOUT_RETURN_TYPE = YES_ERROR;
				GCC_WARN_UNDECLARED_SELECTOR = YES;
				GCC_WARN_UNINITIALIZED_AUTOS = YES_AGGRESSIVE;
				GCC_WARN_UNUSED_FUNCTION = YES;
				GCC_WARN_UNUSED_VARIABLE = YES;
				IPHONEOS_DEPLOYMENT_TARGET = 10.0;
				MTL_ENABLE_DEBUG_INFO = YES;
				ONLY_ACTIVE_ARCH = YES;
				SDKROOT = iphoneos;
				SWIFT_ACTIVE_COMPILATION_CONDITIONS = DEBUG;
				SWIFT_OPTIMIZATION_LEVEL = "-Onone";
				TARGETED_DEVICE_FAMILY = "1,2";
			};
			name = Debug;
		};
		519F5C371DC302C60081AC0E /* Release */ = {
			isa = XCBuildConfiguration;
			buildSettings = {
				ALWAYS_SEARCH_USER_PATHS = NO;
				CLANG_ANALYZER_NONNULL = YES;
				CLANG_CXX_LANGUAGE_STANDARD = "gnu++0x";
				CLANG_CXX_LIBRARY = "libc++";
				CLANG_ENABLE_MODULES = YES;
				CLANG_ENABLE_OBJC_ARC = YES;
				CLANG_WARN_BOOL_CONVERSION = YES;
				CLANG_WARN_CONSTANT_CONVERSION = YES;
				CLANG_WARN_DIRECT_OBJC_ISA_USAGE = YES_ERROR;
				CLANG_WARN_DOCUMENTATION_COMMENTS = YES;
				CLANG_WARN_EMPTY_BODY = YES;
				CLANG_WARN_ENUM_CONVERSION = YES;
				CLANG_WARN_INFINITE_RECURSION = YES;
				CLANG_WARN_INT_CONVERSION = YES;
				CLANG_WARN_OBJC_ROOT_CLASS = YES_ERROR;
				CLANG_WARN_SUSPICIOUS_MOVES = YES;
				CLANG_WARN_UNREACHABLE_CODE = YES;
				CLANG_WARN__DUPLICATE_METHOD_MATCH = YES;
				"CODE_SIGN_IDENTITY[sdk=iphoneos*]" = "iPhone Developer";
				COPY_PHASE_STRIP = NO;
				DEBUG_INFORMATION_FORMAT = "dwarf-with-dsym";
				ENABLE_NS_ASSERTIONS = NO;
				ENABLE_STRICT_OBJC_MSGSEND = YES;
				GCC_C_LANGUAGE_STANDARD = gnu99;
				GCC_NO_COMMON_BLOCKS = YES;
				GCC_WARN_64_TO_32_BIT_CONVERSION = YES;
				GCC_WARN_ABOUT_RETURN_TYPE = YES_ERROR;
				GCC_WARN_UNDECLARED_SELECTOR = YES;
				GCC_WARN_UNINITIALIZED_AUTOS = YES_AGGRESSIVE;
				GCC_WARN_UNUSED_FUNCTION = YES;
				GCC_WARN_UNUSED_VARIABLE = YES;
				IPHONEOS_DEPLOYMENT_TARGET = 10.0;
				MTL_ENABLE_DEBUG_INFO = NO;
				SDKROOT = iphoneos;
				SWIFT_OPTIMIZATION_LEVEL = "-Owholemodule";
				TARGETED_DEVICE_FAMILY = "1,2";
				VALIDATE_PRODUCT = YES;
			};
			name = Release;
		};
		519F5C391DC302C60081AC0E /* Debug */ = {
			isa = XCBuildConfiguration;
			buildSettings = {
				ASSETCATALOG_COMPILER_APPICON_NAME = AppIcon;
				INFOPLIST_FILE = SourceControlDemo/Info.plist;
				LD_RUNPATH_SEARCH_PATHS = "$(inherited) @executable_path/Frameworks";
				PRODUCT_BUNDLE_IDENTIFIER = com.oatadmin.SourceControlDemo;
				PRODUCT_NAME = "$(TARGET_NAME)";
				SWIFT_VERSION = 3.0;
			};
			name = Debug;
		};
		519F5C3A1DC302C60081AC0E /* Release */ = {
			isa = XCBuildConfiguration;
			buildSettings = {
				ASSETCATALOG_COMPILER_APPICON_NAME = AppIcon;
				INFOPLIST_FILE = SourceControlDemo/Info.plist;
				LD_RUNPATH_SEARCH_PATHS = "$(inherited) @executable_path/Frameworks";
				PRODUCT_BUNDLE_IDENTIFIER = com.oatadmin.SourceControlDemo;
				PRODUCT_NAME = "$(TARGET_NAME)";
				SWIFT_VERSION = 3.0;
			};
			name = Release;
		};
		519F5C3C1DC302C60081AC0E /* Debug */ = {
			isa = XCBuildConfiguration;
			buildSettings = {
				ALWAYS_EMBED_SWIFT_STANDARD_LIBRARIES = YES;
				BUNDLE_LOADER = "$(TEST_HOST)";
				INFOPLIST_FILE = SourceControlDemoTests/Info.plist;
				LD_RUNPATH_SEARCH_PATHS = "$(inherited) @executable_path/Frameworks @loader_path/Frameworks";
				PRODUCT_BUNDLE_IDENTIFIER = com.oatadmin.SourceControlDemoTests;
				PRODUCT_NAME = "$(TARGET_NAME)";
				SWIFT_VERSION = 3.0;
				TEST_HOST = "$(BUILT_PRODUCTS_DIR)/SourceControlDemo.app/SourceControlDemo";
			};
			name = Debug;
		};
		519F5C3D1DC302C60081AC0E /* Release */ = {
			isa = XCBuildConfiguration;
			buildSettings = {
				ALWAYS_EMBED_SWIFT_STANDARD_LIBRARIES = YES;
				BUNDLE_LOADER = "$(TEST_HOST)";
				INFOPLIST_FILE = SourceControlDemoTests/Info.plist;
				LD_RUNPATH_SEARCH_PATHS = "$(inherited) @executable_path/Frameworks @loader_path/Frameworks";
				PRODUCT_BUNDLE_IDENTIFIER = com.oatadmin.SourceControlDemoTests;
				PRODUCT_NAME = "$(TARGET_NAME)";
				SWIFT_VERSION = 3.0;
				TEST_HOST = "$(BUILT_PRODUCTS_DIR)/SourceControlDemo.app/SourceControlDemo";
			};
			name = Release;
		};
/* End XCBuildConfiguration section */

/* Begin XCConfigurationList section */
		519F5C161DC302C50081AC0E /* Build configuration list for PBXProject "SourceControlDemo" */ = {
			isa = XCConfigurationList;
			buildConfigurations = (
				519F5C361DC302C60081AC0E /* Debug */,
				519F5C371DC302C60081AC0E /* Release */,
			);
			defaultConfigurationIsVisible = 0;
			defaultConfigurationName = Release;
		};
		519F5C381DC302C60081AC0E /* Build configuration list for PBXNativeTarget "SourceControlDemo" */ = {
			isa = XCConfigurationList;
			buildConfigurations = (
				519F5C391DC302C60081AC0E /* Debug */,
				519F5C3A1DC302C60081AC0E /* Release */,
			);
			defaultConfigurationIsVisible = 0;
		};
		519F5C3B1DC302C60081AC0E /* Build configuration list for PBXNativeTarget "SourceControlDemoTests" */ = {
			isa = XCConfigurationList;
			buildConfigurations = (
				519F5C3C1DC302C60081AC0E /* Debug */,
				519F5C3D1DC302C60081AC0E /* Release */,
			);
			defaultConfigurationIsVisible = 0;
		};
/* End XCConfigurationList section */
	};
	rootObject = 519F5C131DC302C50081AC0E /* Project object */;
}
